{
  "name": "powerform-react",
  "version": "1.0.0",
  "lockfileVersion": 1,
  "requires": true,
  "dependencies": {
    "powerform": {
      "version": "4.0.0",
      "resolved": "https://registry.npmjs.org/powerform/-/powerform-4.0.0.tgz",
      "integrity": "sha512-tKs0t3WgpIdQgSNN+vZDMDST2EU1WnV4GIT9JiF/tkNSlvNtmDarvshsaF/UQMubJ/imEz60Rp8DMm8wBVAb4w==",
      "requires": {
        "validatex": "^1.0.1"
      }
    },
    "validatex": {
      "version": "1.0.1",
      "resolved": "https://registry.npmjs.org/validatex/-/validatex-1.0.1.tgz",
      "integrity": "sha512-dfj6i/djKfsL1e5P78DRO99a8umj/y+TaAzECIM+DAclke8fed01abo/0B3lcIf67Xw4JSidPQpv7/gIlhvKoQ=="
    }
  }
}
